{
    "_readme": [
        "This file locks the dependencies of your project to a known state",
        "Read more about it at https://getcomposer.org/doc/01-basic-usage.md#composer-lock-the-lock-file",
        "This file is @generated automatically"
    ],
    "content-hash": "a684a888a5db9e7bbf713fa46daa4467",
    "packages": [
        {
            "name": "alct/noapi",
            "version": "v1.0.0-alpha8",
            "source": {
                "type": "git",
                "url": "https://github.com/alct/noapi.git",
                "reference": "3123afaeed2f0467952c978ef5501428cef96eb5"
            },
            "dist": {
                "type": "zip",
                "url": "https://api.github.com/repos/alct/noapi/zipball/3123afaeed2f0467952c978ef5501428cef96eb5",
                "reference": "3123afaeed2f0467952c978ef5501428cef96eb5",
                "shasum": ""
            },
            "require": {
                "ext-curl": "*",
                "ext-mbstring": "*",
                "php": ">= 5.4"
            },
            "type": "library",
            "autoload": {
                "psr-4": {
                    "alct\\noapi\\": "src/"
                }
            },
            "notification-url": "https://packagist.org/downloads/",
            "license": [
                "GPL-3.0+"
            ],
            "authors": [
                {
                    "name": "André Loconte",
                    "homepage": "http://loconte.be",
                    "role": "Developer"
                }
            ],
            "description": "Get structured information out of online services.",
            "homepage": "https://github.com/alct/noapi",
            "keywords": [
                "parser",
                "twitter"
            ],
            "time": "2016-08-11T11:53:02+00:00"
        },
        {
            "name": "apix/cache",
            "version": "1.3.2",
            "source": {
                "type": "git",
                "url": "https://github.com/apix/cache.git",
                "reference": "977f1401d5425557425b9967ae243a1ab77dc0be"
            },
            "dist": {
                "type": "zip",
                "url": "https://api.github.com/repos/apix/cache/zipball/977f1401d5425557425b9967ae243a1ab77dc0be",
                "reference": "977f1401d5425557425b9967ae243a1ab77dc0be",
                "shasum": ""
            },
            "require": {
                "php": "^5.3.2|^7.0",
                "psr/cache": "1.0.*"
            },
            "provide": {
                "psr/cache-implementation": "~1.0"
            },
            "require-dev": {
                "phpunit/phpunit": "^4.0|^5.0",
                "satooshi/php-coveralls": "~0.7.1"
            },
            "suggest": {
                "ext-apc": "Allows to cache into APC data store ~ up to PHP 5.4.",
                "ext-apcu": "Allows to use APCu userland caching ~ any PHP version.",
                "ext-igbinbary": "Fast and small serialization format",
                "ext-memcached": "Allows to use Memcached distributed memory caching system",
                "ext-mongo": "Allows to cache into MongoDB instances using http://php.net/mongo  ~ up to PHP 5.6.",
                "ext-mongodb": "Allows to cache into MongoDB instances using https://php.net/mongodb ~ from PHP 7 and above and HHVM.",
                "ext-pdo": "Allows to cache into PDO supported DBs such as Oracle, MS SQL server, IBM DB2.",
                "ext-pdo_mysql": "Allows to use MySQL.",
                "ext-pdo_pgsql": "Allows to use PostgreSQL",
                "ext-pdo_sqlite": "Allows to cache into SQLite.",
                "ext-redis": "So you can cache into Redis servers.",
                "msgpack/msgpack-php": "MessagePack serialization format"
            },
            "type": "library",
            "autoload": {
                "psr-4": {
                    "Apix\\Cache\\": "src/"
                }
            },
            "notification-url": "https://packagist.org/downloads/",
            "license": [
                "BSD-3-Clause"
            ],
            "authors": [
                {
                    "name": "Franck Cassedanne",
                    "email": "franck@ouarz.net"
                },
                {
                    "name": "Apix Cache Community",
                    "homepage": "https://github.com/frqnck/apix-cache/contributors"
                }
            ],
            "description": "A thin PSR-6 cache wrapper with a generic interface to various caching backends emphasising cache taggging and indexing to Redis, Memcached, PDO/SQL, APC and other adapters.",
            "homepage": "https://github.com/frqnck/apix-cache",
            "keywords": [
                "apc",
                "apcu",
                "cache",
                "caching",
                "filesystem",
                "igbinary",
                "json",
                "memcache",
                "memcached",
                "mongo",
                "mongodb",
                "msgpack",
                "mysql",
                "pdo",
                "pgsql",
                "postgres",
                "psr-6",
                "psr-cache",
                "psrCache",
                "redis",
                "serializer",
                "session",
                "sqlite",
                "tagging"
            ],
            "time": "2017-07-19T15:21:55+00:00"
        },
        {
            "name": "cmal/api",
            "version": "dev-master",
            "source": {
                "type": "git",
                "url": "https://github.com/paulcmal/api.git",
                "reference": "b88bc8984a45012b6606e4a7924417a175e5d26e"
            },
            "dist": {
                "type": "zip",
                "url": "https://api.github.com/repos/paulcmal/api/zipball/b88bc8984a45012b6606e4a7924417a175e5d26e",
                "reference": "b88bc8984a45012b6606e4a7924417a175e5d26e",
                "shasum": ""
            },
            "require": {
                "nikic/fast-route": "^1.0"
            },
            "type": "library",
            "autoload": {
                "psr-4": {
                    "cmal\\Api\\": "src"
                }
            },
            "support": {
                "source": "https://github.com/paulcmal/api/tree/master",
                "issues": "https://github.com/paulcmal/api/issues"
            },
            "time": "2018-03-06T12:13:05+00:00"
        },
        {
            "name": "cmal/twitter",
            "version": "dev-master",
            "source": {
                "type": "git",
                "url": "https://github.com/paulcmal/twitter.git",
                "reference": "ab5f77d6173e9c00a3c37a6d36281c6e595a94f2"
            },
            "dist": {
                "type": "zip",
                "url": "https://api.github.com/repos/paulcmal/twitter/zipball/ab5f77d6173e9c00a3c37a6d36281c6e595a94f2",
                "reference": "ab5f77d6173e9c00a3c37a6d36281c6e595a94f2",
                "shasum": ""
            },
            "require": {
                "alct/noapi": "1.0.0-alpha8",
                "apix/cache": "^1.3"
            },
            "type": "library",
            "autoload": {
                "psr-4": {
                    "cmal\\Twitter\\": "src/"
                }
            },
            "license": [
                "GPL-3.0+"
            ],
            "support": {
                "source": "https://github.com/paulcmal/twitter/tree/master",
                "issues": "https://github.com/paulcmal/twitter/issues"
            },
            "time": "2018-03-06T15:34:19+00:00"
        },
        {
            "name": "nikic/fast-route",
            "version": "v1.3.0",
            "source": {
                "type": "git",
                "url": "https://github.com/nikic/FastRoute.git",
                "reference": "181d480e08d9476e61381e04a71b34dc0432e812"
            },
            "dist": {
                "type": "zip",
                "url": "https://api.github.com/repos/nikic/FastRoute/zipball/181d480e08d9476e61381e04a71b34dc0432e812",
                "reference": "181d480e08d9476e61381e04a71b34dc0432e812",
                "shasum": ""
            },
            "require": {
                "php": ">=5.4.0"
            },
            "require-dev": {
                "phpunit/phpunit": "^4.8.35|~5.7"
            },
            "type": "library",
            "autoload": {
                "psr-4": {
                    "FastRoute\\": "src/"
                },
                "files": [
                    "src/functions.php"
                ]
            },
            "notification-url": "https://packagist.org/downloads/",
            "license": [
                "BSD-3-Clause"
            ],
            "authors": [
                {
                    "name": "Nikita Popov",
                    "email": "nikic@php.net"
                }
            ],
            "description": "Fast request router for PHP",
            "keywords": [
                "router",
                "routing"
            ],
            "time": "2018-02-13T20:26:39+00:00"
        },
        {
            "name": "psr/cache",
            "version": "1.0.1",
            "source": {
                "type": "git",
                "url": "https://github.com/php-fig/cache.git",
                "reference": "d11b50ad223250cf17b86e38383413f5a6764bf8"
            },
            "dist": {
                "type": "zip",
                "url": "https://api.github.com/repos/php-fig/cache/zipball/d11b50ad223250cf17b86e38383413f5a6764bf8",
                "reference": "d11b50ad223250cf17b86e38383413f5a6764bf8",
                "shasum": ""
            },
            "require": {
                "php": ">=5.3.0"
            },
            "type": "library",
            "extra": {
                "branch-alias": {
                    "dev-master": "1.0.x-dev"
                }
            },
            "autoload": {
                "psr-4": {
                    "Psr\\Cache\\": "src/"
                }
            },
            "notification-url": "https://packagist.org/downloads/",
            "license": [
                "MIT"
            ],
            "authors": [
                {
                    "name": "PHP-FIG",
                    "homepage": "http://www.php-fig.org/"
                }
            ],
            "description": "Common interface for caching libraries",
            "keywords": [
                "cache",
                "psr",
                "psr-6"
            ],
            "time": "2016-08-06T20:24:11+00:00"
        },
        {
            "name": "symfony/polyfill-mbstring",
            "version": "v1.7.0",
            "source": {
                "type": "git",
                "url": "https://github.com/symfony/polyfill-mbstring.git",
                "reference": "78be803ce01e55d3491c1397cf1c64beb9c1b63b"
            },
            "dist": {
                "type": "zip",
                "url": "https://api.github.com/repos/symfony/polyfill-mbstring/zipball/78be803ce01e55d3491c1397cf1c64beb9c1b63b",
                "reference": "78be803ce01e55d3491c1397cf1c64beb9c1b63b",
                "shasum": ""
            },
            "require": {
                "php": ">=5.3.3"
            },
            "suggest": {
                "ext-mbstring": "For best performance"
            },
            "type": "library",
            "extra": {
                "branch-alias": {
                    "dev-master": "1.7-dev"
                }
            },
            "autoload": {
                "psr-4": {
                    "Symfony\\Polyfill\\Mbstring\\": ""
                },
                "files": [
                    "bootstrap.php"
                ]
            },
            "notification-url": "https://packagist.org/downloads/",
            "license": [
                "MIT"
            ],
            "authors": [
                {
                    "name": "Nicolas Grekas",
                    "email": "p@tchwork.com"
                },
                {
                    "name": "Symfony Community",
                    "homepage": "https://symfony.com/contributors"
                }
            ],
            "description": "Symfony polyfill for the Mbstring extension",
            "homepage": "https://symfony.com",
            "keywords": [
                "compatibility",
                "mbstring",
                "polyfill",
                "portable",
                "shim"
            ],
            "time": "2018-01-30T19:27:44+00:00"
        },
        {
            "name": "twig/twig",
            "version": "v2.4.6",
            "source": {
                "type": "git",
                "url": "https://github.com/twigphp/Twig.git",
                "reference": "d2117ec118c1ff3d28ccddca8212d82787a4809f"
            },
            "dist": {
                "type": "zip",
                "url": "https://api.github.com/repos/twigphp/Twig/zipball/d2117ec118c1ff3d28ccddca8212d82787a4809f",
                "reference": "d2117ec118c1ff3d28ccddca8212d82787a4809f",
                "shasum": ""
            },
            "require": {
                "php": "^7.0",
                "symfony/polyfill-mbstring": "~1.0"
            },
            "require-dev": {
                "psr/container": "^1.0",
                "symfony/debug": "~2.7",
                "symfony/phpunit-bridge": "~3.3@dev"
            },
            "type": "library",
            "extra": {
                "branch-alias": {
                    "dev-master": "2.4-dev"
                }
            },
            "autoload": {
                "psr-0": {
                    "Twig_": "lib/"
                },
                "psr-4": {
                    "Twig\\": "src/"
                }
            },
            "notification-url": "https://packagist.org/downloads/",
            "license": [
                "BSD-3-Clause"
            ],
            "authors": [
                {
                    "name": "Fabien Potencier",
                    "email": "fabien@symfony.com",
                    "homepage": "http://fabien.potencier.org",
                    "role": "Lead Developer"
                },
                {
                    "name": "Armin Ronacher",
                    "email": "armin.ronacher@active-4.com",
                    "role": "Project Founder"
                },
                {
                    "name": "Twig Team",
                    "homepage": "http://twig.sensiolabs.org/contributors",
                    "role": "Contributors"
                }
            ],
            "description": "Twig, the flexible, fast, and secure template language for PHP",
            "homepage": "http://twig.sensiolabs.org",
            "keywords": [
                "templating"
            ],
            "time": "2018-03-03T16:23:01+00:00"
        }
    ],
    "packages-dev": [],
    "aliases": [],
    "minimum-stability": "dev",
    "stability-flags": {
        "cmal/api": 20,
        "cmal/twitter": 20
    },
    "prefer-stable": true,
    "prefer-lowest": false,
    "platform": {
        "ext-curl": "*",
        "ext-mbstring": "*"
    },
    "platform-dev": []
}
